# THIS IS AN AUTOGENERATED FILE. DO NOT EDIT THIS FILE DIRECTLY.
# yarn lockfile v1


accept-language@^3.0.18:
  version "3.0.18"
  resolved "https://registry.yarnpkg.com/accept-language/-/accept-language-3.0.18.tgz#f5025f17bf65a466a845838ccf98cdb877d83384"
  integrity sha1-9QJfF79lpGaoRYOMz5jNuHfYM4Q=
  dependencies:
    bcp47 "^1.1.2"
    stable "^0.1.6"

bcp47@^1.1.2:
  version "1.1.2"
  resolved "https://registry.yarnpkg.com/bcp47/-/bcp47-1.1.2.tgz#354be3307ffd08433a78f5e1e2095845f89fc7fe"

cookie@^0.4.0:
  version "0.4.0"
  resolved "https://registry.yarnpkg.com/cookie/-/cookie-0.4.0.tgz#beb437e7022b3b6d49019d088665303ebe9c14ba"
  integrity sha512-+Hp8fLp57wnUSt0tY0tHEXh4voZRDnoIrZPqlo3DPiI4y9lwg/jqx+1Om94/W6ZaPDOUbnjOt/99w66zk+l1Xg==

js-cookie@^2.2.1:
  version "2.2.1"
  resolved "https://registry.yarnpkg.com/js-cookie/-/js-cookie-2.2.1.tgz#69e106dc5d5806894562902aa5baec3744e9b2b8"
  integrity sha512-HvdH2LzI/EAZcUwA8+0nKNtWHqS+ZmijLA30RwZA0bo7ToCckjK5MkGhjED9KoRcXO6BaGI3I9UIzSA1FKFPOQ==

stable@^0.1.6:
  version "0.1.8"
  resolved "https://registry.yarnpkg.com/stable/-/stable-0.1.8.tgz#836eb3c8382fe2936feaf544631017ce7d47a3cf"
  integrity sha512-ji9qxRnOVfcuLDySj9qzhGSEFVobyt1kIOSkj1qZzYLzq7Tos/oUUWvotUPQLlrsidqsK6tBH89Bc9kL5zHA6w==
