# THIS IS AN AUTOGENERATED FILE. DO NOT EDIT THIS FILE DIRECTLY.
# yarn lockfile v1


hasher@^1.2.0:
  version "1.2.0"
  resolved "https://registry.yarnpkg.com/hasher/-/hasher-1.2.0.tgz#8b5341c3496124b0724ac8555fbb8ca363ebbb73"
  dependencies:
    signals ">0.7 <2.0"

html5-history-api@^4.2.7:
  version "4.2.7"
  resolved "https://registry.yarnpkg.com/html5-history-api/-/html5-history-api-4.2.7.tgz#038690111e8c184733b742681935829afe18c64e"

"signals@>0.7 <2.0":
  version "1.0.0"
  resolved "https://registry.yarnpkg.com/signals/-/signals-1.0.0.tgz#65f0c1599352b35372ecaae5a250e6107376ed69"
