# THIS IS AN AUTOGENERATED FILE. DO NOT EDIT THIS FILE DIRECTLY.
# yarn lockfile v1


crossroads@^0.12.2:
  version "0.12.2"
  resolved "https://registry.yarnpkg.com/crossroads/-/crossroads-0.12.2.tgz#b1d5f9c1d98af3bdd61f1bda6a86dd1aee4ff8f2"
  dependencies:
    signals "<2.0"

hasher@^1.2.0:
  version "1.2.0"
  resolved "https://registry.yarnpkg.com/hasher/-/hasher-1.2.0.tgz#8b5341c3496124b0724ac8555fbb8ca363ebbb73"
  dependencies:
    signals ">0.7 <2.0"

html5-history-api@^4.2.7:
  version "4.2.8"
  resolved "https://registry.yarnpkg.com/html5-history-api/-/html5-history-api-4.2.8.tgz#3ebbc38e36cae0dc410f74c20fdd5d76d93e96a8"

jed@^1.1.1:
  version "1.1.1"
  resolved "https://registry.yarnpkg.com/jed/-/jed-1.1.1.tgz#7a549bbd9ffe1585b0cd0a191e203055bee574b4"

signals@<2.0, "signals@>0.7 <2.0":
  version "1.0.0"
  resolved "https://registry.yarnpkg.com/signals/-/signals-1.0.0.tgz#65f0c1599352b35372ecaae5a250e6107376ed69"
